
Microsoft Visual Studio Solution File, Format Version 12.00
# Visual Studio 15
Project("{FAE04EC0-301F-11D3-BF4B-00C04F79EFBC}") = "XamarinEssentialsSample.Android", "XamarinEssentialsSample.Android\XamarinEssentialsSample.Android.csproj", "{D6EBF64A-26E4-499C-9F0A-6DF46CC4FE50}"
EndProject
Project("{FAE04EC0-301F-11D3-BF4B-00C04F79EFBC}") = "XamarinEssentialsSample.iOS", "XamarinEssentialsSample.iOS\XamarinEssentialsSample.iOS.csproj", "{83FBDF4A-4DE1-4053-8004-E6CEAB589A26}"
EndProject
Project("{FAE04EC0-301F-11D3-BF4B-00C04F79EFBC}") = "XamarinEssentialsSample", "XamarinEssentialsSample\XamarinEssentialsSample.csproj", "{19C17BDA-2A80-4241-A450-1EEA88DA5B94}"
EndProject
Global
	GlobalSection(SolutionConfigurationPlatforms) = preSolution
		Debug|Any CPU = Debug|Any CPU
		Release|Any CPU = Release|Any CPU
		Debug|iPhoneSimulator = Debug|iPhoneSimulator
		Release|iPhoneSimulator = Release|iPhoneSimulator
		Debug|iPhone = Debug|iPhone
		Release|iPhone = Release|iPhone
	EndGlobalSection
	GlobalSection(ProjectConfigurationPlatforms) = postSolution
		{D6EBF64A-26E4-499C-9F0A-6DF46CC4FE50}.Debug|Any CPU.ActiveCfg = Debug|Any CPU
		{D6EBF64A-26E4-499C-9F0A-6DF46CC4FE50}.Debug|Any CPU.Build.0 = Debug|Any CPU
		{D6EBF64A-26E4-499C-9F0A-6DF46CC4FE50}.Release|Any CPU.ActiveCfg = Release|Any CPU
		{D6EBF64A-26E4-499C-9F0A-6DF46CC4FE50}.Release|Any CPU.Build.0 = Release|Any CPU
		{D6EBF64A-26E4-499C-9F0A-6DF46CC4FE50}.Debug|iPhoneSimulator.ActiveCfg = Debug|Any CPU
		{D6EBF64A-26E4-499C-9F0A-6DF46CC4FE50}.Debug|iPhoneSimulator.Build.0 = Debug|Any CPU
		{D6EBF64A-26E4-499C-9F0A-6DF46CC4FE50}.Release|iPhoneSimulator.ActiveCfg = Release|Any CPU
		{D6EBF64A-26E4-499C-9F0A-6DF46CC4FE50}.Release|iPhoneSimulator.Build.0 = Release|Any CPU
		{D6EBF64A-26E4-499C-9F0A-6DF46CC4FE50}.Debug|iPhone.ActiveCfg = Debug|Any CPU
		{D6EBF64A-26E4-499C-9F0A-6DF46CC4FE50}.Debug|iPhone.Build.0 = Debug|Any CPU
		{D6EBF64A-26E4-499C-9F0A-6DF46CC4FE50}.Release|iPhone.ActiveCfg = Release|Any CPU
		{D6EBF64A-26E4-499C-9F0A-6DF46CC4FE50}.Release|iPhone.Build.0 = Release|Any CPU
		{83FBDF4A-4DE1-4053-8004-E6CEAB589A26}.Debug|Any CPU.ActiveCfg = Debug|iPhoneSimulator
		{83FBDF4A-4DE1-4053-8004-E6CEAB589A26}.Debug|Any CPU.Build.0 = Debug|iPhoneSimulator
		{83FBDF4A-4DE1-4053-8004-E6CEAB589A26}.Release|Any CPU.ActiveCfg = Release|iPhoneSimulator
		{83FBDF4A-4DE1-4053-8004-E6CEAB589A26}.Release|Any CPU.Build.0 = Release|iPhoneSimulator
		{83FBDF4A-4DE1-4053-8004-E6CEAB589A26}.Debug|iPhoneSimulator.ActiveCfg = Debug|iPhoneSimulator
		{83FBDF4A-4DE1-4053-8004-E6CEAB589A26}.Debug|iPhoneSimulator.Build.0 = Debug|iPhoneSimulator
		{83FBDF4A-4DE1-4053-8004-E6CEAB589A26}.Release|iPhoneSimulator.ActiveCfg = Release|iPhoneSimulator
		{83FBDF4A-4DE1-4053-8004-E6CEAB589A26}.Release|iPhoneSimulator.Build.0 = Release|iPhoneSimulator
		{83FBDF4A-4DE1-4053-8004-E6CEAB589A26}.Debug|iPhone.ActiveCfg = Debug|iPhone
		{83FBDF4A-4DE1-4053-8004-E6CEAB589A26}.Debug|iPhone.Build.0 = Debug|iPhone
		{83FBDF4A-4DE1-4053-8004-E6CEAB589A26}.Release|iPhone.ActiveCfg = Release|iPhone
		{83FBDF4A-4DE1-4053-8004-E6CEAB589A26}.Release|iPhone.Build.0 = Release|iPhone
		{19C17BDA-2A80-4241-A450-1EEA88DA5B94}.Debug|Any CPU.ActiveCfg = Debug|Any CPU
		{19C17BDA-2A80-4241-A450-1EEA88DA5B94}.Debug|Any CPU.Build.0 = Debug|Any CPU
		{19C17BDA-2A80-4241-A450-1EEA88DA5B94}.Release|Any CPU.ActiveCfg = Release|Any CPU
		{19C17BDA-2A80-4241-A450-1EEA88DA5B94}.Release|Any CPU.Build.0 = Release|Any CPU
		{19C17BDA-2A80-4241-A450-1EEA88DA5B94}.Debug|iPhoneSimulator.ActiveCfg = Debug|Any CPU
		{19C17BDA-2A80-4241-A450-1EEA88DA5B94}.Debug|iPhoneSimulator.Build.0 = Debug|Any CPU
		{19C17BDA-2A80-4241-A450-1EEA88DA5B94}.Release|iPhoneSimulator.ActiveCfg = Release|Any CPU
		{19C17BDA-2A80-4241-A450-1EEA88DA5B94}.Release|iPhoneSimulator.Build.0 = Release|Any CPU
		{19C17BDA-2A80-4241-A450-1EEA88DA5B94}.Debug|iPhone.ActiveCfg = Debug|Any CPU
		{19C17BDA-2A80-4241-A450-1EEA88DA5B94}.Debug|iPhone.Build.0 = Debug|Any CPU
		{19C17BDA-2A80-4241-A450-1EEA88DA5B94}.Release|iPhone.ActiveCfg = Release|Any CPU
		{19C17BDA-2A80-4241-A450-1EEA88DA5B94}.Release|iPhone.Build.0 = Release|Any CPU
	EndGlobalSection
EndGlobal
